
Microsoft Visual Studio Solution File, Format Version 12.00
# Visual Studio Version 17
VisualStudioVersion = 17.11.35219.272
MinimumVisualStudioVersion = 10.0.40219.1
Project("{FAE04EC0-301F-11D3-BF4B-00C04F79EFBC}") = "Selenium_work", "Selenium_work.csproj", "{AB117E77-A490-4EA8-B47E-9D0383AD0931}"
EndProject
Global
	GlobalSection(SolutionConfigurationPlatforms) = preSolution
		Debug|Any CPU = Debug|Any CPU
		Release|Any CPU = Release|Any CPU
	EndGlobalSection
	GlobalSection(ProjectConfigurationPlatforms) = postSolution
		{AB117E77-A490-4EA8-B47E-9D0383AD0931}.Debug|Any CPU.ActiveCfg = Debug|Any CPU
		{AB117E77-A490-4EA8-B47E-9D0383AD0931}.Debug|Any CPU.Build.0 = Debug|Any CPU
		{AB117E77-A490-4EA8-B47E-9D0383AD0931}.Release|Any CPU.ActiveCfg = Release|Any CPU
		{AB117E77-A490-4EA8-B47E-9D0383AD0931}.Release|Any CPU.Build.0 = Release|Any CPU
	EndGlobalSection
	GlobalSection(SolutionProperties) = preSolution
		HideSolutionNode = FALSE
	EndGlobalSection
	GlobalSection(ExtensibilityGlobals) = postSolution
		SolutionGuid = {DFAFF29F-A95D-4E13-BB0B-725B296D11B6}
	EndGlobalSection
EndGlobal
